
Microsoft Visual Studio Solution File, Format Version 12.00
# Visual Studio Version 17
VisualStudioVersion = 17.2.32616.157
MinimumVisualStudioVersion = 10.0.40219.1
Project("{8BC9CEB8-8B4A-11D0-8D11-00A0C91BC942}") = "welcome to my world!", "welcome to my world!\welcome to my world!.vcxproj", "{85E8CE54-2C32-40A2-A5CF-3675769BB727}"
EndProject
Global
	GlobalSection(SolutionConfigurationPlatforms) = preSolution
		Debug|x64 = Debug|x64
		Debug|x86 = Debug|x86
		Release|x64 = Release|x64
		Release|x86 = Release|x86
	EndGlobalSection
	GlobalSection(ProjectConfigurationPlatforms) = postSolution
		{85E8CE54-2C32-40A2-A5CF-3675769BB727}.Debug|x64.ActiveCfg = Debug|x64
		{85E8CE54-2C32-40A2-A5CF-3675769BB727}.Debug|x64.Build.0 = Debug|x64
		{85E8CE54-2C32-40A2-A5CF-3675769BB727}.Debug|x86.ActiveCfg = Debug|Win32
		{85E8CE54-2C32-40A2-A5CF-3675769BB727}.Debug|x86.Build.0 = Debug|Win32
		{85E8CE54-2C32-40A2-A5CF-3675769BB727}.Release|x64.ActiveCfg = Release|x64
		{85E8CE54-2C32-40A2-A5CF-3675769BB727}.Release|x64.Build.0 = Release|x64
		{85E8CE54-2C32-40A2-A5CF-3675769BB727}.Release|x86.ActiveCfg = Release|Win32
		{85E8CE54-2C32-40A2-A5CF-3675769BB727}.Release|x86.Build.0 = Release|Win32
	EndGlobalSection
	GlobalSection(SolutionProperties) = preSolution
		HideSolutionNode = FALSE
	EndGlobalSection
	GlobalSection(ExtensibilityGlobals) = postSolution
		SolutionGuid = {F2802D1D-F831-47CB-B711-844A2D1D1860}
	EndGlobalSection
EndGlobal
