
Microsoft Visual Studio Solution File, Format Version 12.00
# Visual Studio Version 17
VisualStudioVersion = 17.2.32630.192
MinimumVisualStudioVersion = 10.0.40219.1
Project("{8BC9CEB8-8B4A-11D0-8D11-00A0C91BC942}") = "NumberOf1", "NumberOf1\NumberOf1.vcxproj", "{4F697860-F4FF-4D6C-A7D3-A8D006B1EBAD}"
EndProject
Global
	GlobalSection(SolutionConfigurationPlatforms) = preSolution
		Debug|x64 = Debug|x64
		Debug|x86 = Debug|x86
		Release|x64 = Release|x64
		Release|x86 = Release|x86
	EndGlobalSection
	GlobalSection(ProjectConfigurationPlatforms) = postSolution
		{4F697860-F4FF-4D6C-A7D3-A8D006B1EBAD}.Debug|x64.ActiveCfg = Debug|x64
		{4F697860-F4FF-4D6C-A7D3-A8D006B1EBAD}.Debug|x64.Build.0 = Debug|x64
		{4F697860-F4FF-4D6C-A7D3-A8D006B1EBAD}.Debug|x86.ActiveCfg = Debug|Win32
		{4F697860-F4FF-4D6C-A7D3-A8D006B1EBAD}.Debug|x86.Build.0 = Debug|Win32
		{4F697860-F4FF-4D6C-A7D3-A8D006B1EBAD}.Release|x64.ActiveCfg = Release|x64
		{4F697860-F4FF-4D6C-A7D3-A8D006B1EBAD}.Release|x64.Build.0 = Release|x64
		{4F697860-F4FF-4D6C-A7D3-A8D006B1EBAD}.Release|x86.ActiveCfg = Release|Win32
		{4F697860-F4FF-4D6C-A7D3-A8D006B1EBAD}.Release|x86.Build.0 = Release|Win32
	EndGlobalSection
	GlobalSection(SolutionProperties) = preSolution
		HideSolutionNode = FALSE
	EndGlobalSection
	GlobalSection(ExtensibilityGlobals) = postSolution
		SolutionGuid = {8CD8E854-95E7-4DC4-8ACB-A5CD6AC63AF6}
	EndGlobalSection
EndGlobal
