
Microsoft Visual Studio Solution File, Format Version 12.00
# Visual Studio Version 17
VisualStudioVersion = 17.2.32616.157
MinimumVisualStudioVersion = 10.0.40219.1
Project("{8BC9CEB8-8B4A-11D0-8D11-00A0C91BC942}") = "print in order", "print in order\print in order.vcxproj", "{61C0079E-4660-4565-8A7F-01A15ED6380B}"
EndProject
Global
	GlobalSection(SolutionConfigurationPlatforms) = preSolution
		Debug|x64 = Debug|x64
		Debug|x86 = Debug|x86
		Release|x64 = Release|x64
		Release|x86 = Release|x86
	EndGlobalSection
	GlobalSection(ProjectConfigurationPlatforms) = postSolution
		{61C0079E-4660-4565-8A7F-01A15ED6380B}.Debug|x64.ActiveCfg = Debug|x64
		{61C0079E-4660-4565-8A7F-01A15ED6380B}.Debug|x64.Build.0 = Debug|x64
		{61C0079E-4660-4565-8A7F-01A15ED6380B}.Debug|x86.ActiveCfg = Debug|Win32
		{61C0079E-4660-4565-8A7F-01A15ED6380B}.Debug|x86.Build.0 = Debug|Win32
		{61C0079E-4660-4565-8A7F-01A15ED6380B}.Release|x64.ActiveCfg = Release|x64
		{61C0079E-4660-4565-8A7F-01A15ED6380B}.Release|x64.Build.0 = Release|x64
		{61C0079E-4660-4565-8A7F-01A15ED6380B}.Release|x86.ActiveCfg = Release|Win32
		{61C0079E-4660-4565-8A7F-01A15ED6380B}.Release|x86.Build.0 = Release|Win32
	EndGlobalSection
	GlobalSection(SolutionProperties) = preSolution
		HideSolutionNode = FALSE
	EndGlobalSection
	GlobalSection(ExtensibilityGlobals) = postSolution
		SolutionGuid = {03DFA555-F8B7-4E38-973A-FFC8CF482262}
	EndGlobalSection
EndGlobal
